
Microsoft Visual Studio Solution File, Format Version 11.00
# Visual Studio 2010
Project("{FAE04EC0-301F-11D3-BF4B-00C04F79EFBC}") = "GameTest", "GameTest.csproj", "{086EAD92-E66F-B3FF-69D1-644001F6FE2E}"
EndProject
Project("{FAE04EC0-301F-11D3-BF4B-00C04F79EFBC}") = "Tests", "Tests.csproj", "{9914234E-D8AB-D2DA-CBCE-8261C2C14862}"
EndProject
Project("{FAE04EC0-301F-11D3-BF4B-00C04F79EFBC}") = "Assembly-CSharp-Editor-firstpass", "Assembly-CSharp-Editor-firstpass.csproj", "{BCD98C8B-8943-2725-2E5D-B4D049501E7A}"
EndProject
Global
	GlobalSection(SolutionConfigurationPlatforms) = preSolution
		Debug|Any CPU = Debug|Any CPU
		Release|Any CPU = Release|Any CPU
	EndGlobalSection
	GlobalSection(ProjectConfigurationPlatforms) = postSolution
		{086EAD92-E66F-B3FF-69D1-644001F6FE2E}.Debug|Any CPU.ActiveCfg = Debug|Any CPU
		{086EAD92-E66F-B3FF-69D1-644001F6FE2E}.Debug|Any CPU.Build.0 = Debug|Any CPU
		{086EAD92-E66F-B3FF-69D1-644001F6FE2E}.Release|Any CPU.ActiveCfg = Release|Any CPU
		{086EAD92-E66F-B3FF-69D1-644001F6FE2E}.Release|Any CPU.Build.0 = Release|Any CPU
		{9914234E-D8AB-D2DA-CBCE-8261C2C14862}.Debug|Any CPU.ActiveCfg = Debug|Any CPU
		{9914234E-D8AB-D2DA-CBCE-8261C2C14862}.Debug|Any CPU.Build.0 = Debug|Any CPU
		{9914234E-D8AB-D2DA-CBCE-8261C2C14862}.Release|Any CPU.ActiveCfg = Release|Any CPU
		{9914234E-D8AB-D2DA-CBCE-8261C2C14862}.Release|Any CPU.Build.0 = Release|Any CPU
		{BCD98C8B-8943-2725-2E5D-B4D049501E7A}.Debug|Any CPU.ActiveCfg = Debug|Any CPU
		{BCD98C8B-8943-2725-2E5D-B4D049501E7A}.Debug|Any CPU.Build.0 = Debug|Any CPU
		{BCD98C8B-8943-2725-2E5D-B4D049501E7A}.Release|Any CPU.ActiveCfg = Release|Any CPU
		{BCD98C8B-8943-2725-2E5D-B4D049501E7A}.Release|Any CPU.Build.0 = Release|Any CPU
	EndGlobalSection
	GlobalSection(SolutionProperties) = preSolution
		HideSolutionNode = FALSE
	EndGlobalSection
EndGlobal
